{
  "version": 4,
  "terraform_version": "0.12.11",
  "serial": 786,
  "lineage": "c53572d3-0b70-6011-dec3-745dfd17d230",
  "outputs": {
    "bastion": {
      "value": [
        "ocpbastion1 = 10.134.214.149"
      ],
      "type": [
        "list",
        "string"
      ]
    },
    "infra": {
      "value": [
        "ocpinfra1 = 10.129.0.1",
        "ocpinfra2 = 10.131.0.1",
        "ocpinfra3 = 10.129.2.1"
      ],
      "type": [
        "list",
        "string"
      ]
    },
    "master": {
      "value": [
        "ocpmstr1 = 10.128.0.1"
      ],
      "type": [
        "list",
        "string"
      ]
    },
    "node": {
      "value": [
        "ocpnode1 = 10.128.2.1",
        "ocpnode2 = 10.130.0.1"
      ],
      "type": [
        "list",
        "string"
      ]
    }
  },
  "resources": [
    {
      "mode": "data",
      "type": "template_file",
      "name": "k8s",
      "provider": "provider.template",
      "instances": [
        {
          "schema_version": 0,
          "attributes": {
            "filename": null,
            "id": "2e34d7615d575659b13d5e125b3df4edccbdfd84a533efe0fa1d395f34762446",
            "rendered": "[OSEv3:children]\nmasters\netcd\nnodes\n\n[OSEv3:vars]\nansible_ssh_common_args='-o StrictHostKeyChecking=no'\nansible_ssh_user=root\nopenshift_deployment_type=openshift-enterprise\nopenshift_master_identity_providers=[{'name': 'htpasswd_auth', 'login': 'true', 'challenge': 'true', 'kind': 'HTPasswdPasswordIdentityProvider'}]\n\n[masters]\nocpmstr1\n\n[etcd]\nocpmstr1\n\n[nodes]\nocpmstr1 openshift_node_group_name='node-config-master'\nocpmstr1 openshift_node_group_name='node-config-etcd'\nocpnode1\nocpnode2 openshift_node_group_name='node-config-compute'\nocpinfra1\nocpinfra2\nocpinfra3 openshift_node_group_name='node-config-infra'\n\n",
            "template": "[OSEv3:children]\nmasters\netcd\nnodes\n\n[OSEv3:vars]\nansible_ssh_common_args='-o StrictHostKeyChecking=no'\nansible_ssh_user=root\nopenshift_deployment_type=openshift-enterprise\nopenshift_master_identity_providers=[{'name': 'htpasswd_auth', 'login': 'true', 'challenge': 'true', 'kind': 'HTPasswdPasswordIdentityProvider'}]\n\n[masters]\n${k8s_master_name}\n\n[etcd]\n${k8s_etcd_name}\n\n[nodes]\n${k8s_master_name} openshift_node_group_name='node-config-master'\n${k8s_master_name} openshift_node_group_name='node-config-etcd'\n${k8s_node_name} openshift_node_group_name='node-config-compute'\n${k8s_infra_name} openshift_node_group_name='node-config-infra'\n\n",
            "vars": {
              "k8s_etcd_name": "ocpmstr1",
              "k8s_infra_name": "ocpinfra1\nocpinfra2\nocpinfra3",
              "k8s_master_name": "ocpmstr1",
              "k8s_node_name": "ocpnode1\nocpnode2"
            }
          },
          "depends_on": [
            "vsphere_virtual_machine.infra",
            "vsphere_virtual_machine.master",
            "vsphere_virtual_machine.node"
          ]
        }
      ]
    },
    {
      "mode": "data",
      "type": "vsphere_compute_cluster",
      "name": "cluster",
      "provider": "provider.vsphere",
      "instances": [
        {
          "schema_version": 0,
          "attributes": {
            "datacenter_id": "datacenter-2",
            "id": "domain-c7",
            "name": "cluster1",
            "resource_pool_id": "resgroup-8"
          },
          "depends_on": [
            "data.vsphere_datacenter.dc"
          ]
        }
      ]
    },
    {
      "mode": "data",
      "type": "vsphere_datacenter",
      "name": "dc",
      "provider": "provider.vsphere",
      "instances": [
        {
          "schema_version": 0,
          "attributes": {
            "id": "datacenter-2",
            "name": "datacenter1"
          }
        }
      ]
    },
    {
      "mode": "data",
      "type": "vsphere_datastore",
      "name": "datastore",
      "provider": "provider.vsphere",
      "instances": [
        {
          "schema_version": 0,
          "attributes": {
            "datacenter_id": "datacenter-2",
            "id": "datastore-27",
            "name": "management-share"
          },
          "depends_on": [
            "data.vsphere_datacenter.dc"
          ]
        }
      ]
    },
    {
      "mode": "data",
      "type": "vsphere_network",
      "name": "network",
      "provider": "provider.vsphere",
      "instances": [
        {
          "schema_version": 0,
          "attributes": {
            "datacenter_id": "datacenter-2",
            "id": "dvportgroup-21",
            "name": "SDDC-DPG-Mgmt",
            "type": "DistributedVirtualPortgroup"
          },
          "depends_on": [
            "data.vsphere_datacenter.dc"
          ]
        }
      ]
    },
    {
      "mode": "data",
      "type": "vsphere_resource_pool",
      "name": "pool",
      "provider": "provider.vsphere",
      "instances": [
        {
          "schema_version": 0,
          "attributes": {
            "datacenter_id": "datacenter-2",
            "id": "resgroup-1789",
            "name": "gold"
          },
          "depends_on": [
            "data.vsphere_datacenter.dc"
          ]
        }
      ]
    },
    {
      "mode": "data",
      "type": "vsphere_virtual_machine",
      "name": "template",
      "provider": "provider.vsphere",
      "instances": [
        {
          "schema_version": 0,
          "attributes": {
            "alternate_guest_name": "",
            "datacenter_id": "datacenter-2",
            "disks": [
              {
                "eagerly_scrub": false,
                "size": 16,
                "thin_provisioned": true
              }
            ],
            "firmware": "bios",
            "guest_id": "rhel7_64Guest",
            "id": "42252cae-0b83-9d1d-b142-72b8ead36170",
            "name": "Templates/rhel75",
            "network_interface_types": [
              "vmxnet3"
            ],
            "scsi_bus_sharing": "noSharing",
            "scsi_controller_scan_count": 1,
            "scsi_type": "pvscsi"
          },
          "depends_on": [
            "data.vsphere_datacenter.dc"
          ]
        }
      ]
    },
    {
      "mode": "managed",
      "type": "local_file",
      "name": "k8s_file",
      "provider": "provider.local",
      "instances": [
        {
          "schema_version": 0,
          "attributes": {
            "content": "[OSEv3:children]\nmasters\netcd\nnodes\n\n[OSEv3:vars]\nansible_ssh_common_args='-o StrictHostKeyChecking=no'\nansible_ssh_user=root\nopenshift_deployment_type=openshift-enterprise\nopenshift_master_identity_providers=[{'name': 'htpasswd_auth', 'login': 'true', 'challenge': 'true', 'kind': 'HTPasswdPasswordIdentityProvider'}]\n\n[masters]\nocpmstr1\n\n[etcd]\nocpmstr1\n\n[nodes]\nocpmstr1 openshift_node_group_name='node-config-master'\nocpmstr1 openshift_node_group_name='node-config-etcd'\nocpnode1\nocpnode2 openshift_node_group_name='node-config-compute'\nocpinfra1\nocpinfra2\nocpinfra3 openshift_node_group_name='node-config-infra'\n\n",
            "content_base64": null,
            "filename": "./inventory/k8s-host",
            "id": "27db85e80b136dac43eb72064e11e44a8ede9326",
            "sensitive_content": null
          },
          "private": "bnVsbA==",
          "depends_on": [
            "data.template_file.k8s"
          ]
        }
      ]
    },
    {
      "mode": "managed",
      "type": "null_resource",
      "name": "generate_hosts_file",
      "provider": "provider.null",
      "instances": [
        {
          "schema_version": 0,
          "attributes": {
            "id": "1632283759046266628",
            "triggers": null
          },
          "private": "bnVsbA==",
          "depends_on": [
            "vsphere_virtual_machine.bastion",
            "vsphere_virtual_machine.infra",
            "vsphere_virtual_machine.master",
            "vsphere_virtual_machine.node"
          ]
        }
      ]
    },
    {
      "mode": "managed",
      "type": "vsphere_virtual_machine",
      "name": "bastion",
      "each": "list",
      "provider": "provider.vsphere",
      "instances": [
        {
          "index_key": 0,
          "schema_version": 3,
          "attributes": {
            "alternate_guest_name": "",
            "annotation": "",
            "boot_delay": 0,
            "boot_retry_delay": 10000,
            "boot_retry_enabled": false,
            "cdrom": [],
            "change_version": "2019-11-08T11:27:03.376208Z",
            "clone": [
              {
                "customize": [
                  {
                    "dns_server_list": [
                      "8.8.8.8"
                    ],
                    "dns_suffix_list": [
                      "coc.net"
                    ],
                    "ipv4_gateway": "10.134.214.137",
                    "ipv6_gateway": "",
                    "linux_options": [
                      {
                        "domain": "coc.net",
                        "host_name": "ocpbastion1",
                        "hw_clock_utc": true,
                        "time_zone": ""
                      }
                    ],
                    "network_interface": [
                      {
                        "dns_domain": "",
                        "dns_server_list": [],
                        "ipv4_address": "10.134.214.149",
                        "ipv4_netmask": 24,
                        "ipv6_address": "",
                        "ipv6_netmask": 0
                      }
                    ],
                    "timeout": 10,
                    "windows_options": [],
                    "windows_sysprep_text": ""
                  }
                ],
                "linked_clone": false,
                "template_uuid": "42252cae-0b83-9d1d-b142-72b8ead36170",
                "timeout": 30
              }
            ],
            "cpu_hot_add_enabled": false,
            "cpu_hot_remove_enabled": false,
            "cpu_limit": -1,
            "cpu_performance_counters_enabled": false,
            "cpu_reservation": 0,
            "cpu_share_count": 2000,
            "cpu_share_level": "normal",
            "custom_attributes": {},
            "datastore_cluster_id": null,
            "datastore_id": "datastore-27",
            "default_ip_address": "10.134.214.149",
            "disk": [
              {
                "attach": false,
                "datastore_id": "datastore-27",
                "device_address": "scsi:0:0",
                "disk_mode": "persistent",
                "disk_sharing": "sharingNone",
                "eagerly_scrub": false,
                "io_limit": -1,
                "io_reservation": 0,
                "io_share_count": 1000,
                "io_share_level": "normal",
                "keep_on_remove": false,
                "key": 2000,
                "label": "disk0",
                "name": "",
                "path": "ocpbastion1/ocpbastion1.vmdk",
                "size": 16,
                "thin_provisioned": true,
                "unit_number": 0,
                "uuid": "6000C292-e8df-d43e-428f-fb5ea068aa1f",
                "write_through": false
              },
              {
                "attach": false,
                "datastore_id": "datastore-27",
                "device_address": "scsi:0:1",
                "disk_mode": "persistent",
                "disk_sharing": "sharingNone",
                "eagerly_scrub": false,
                "io_limit": -1,
                "io_reservation": 0,
                "io_share_count": 1000,
                "io_share_level": "normal",
                "keep_on_remove": false,
                "key": 2001,
                "label": "disk1",
                "name": "",
                "path": "ocpbastion1/ocpbastion1_1.vmdk",
                "size": 240,
                "thin_provisioned": true,
                "unit_number": 1,
                "uuid": "6000C29a-af3e-7b12-76b3-713efb5e7b26",
                "write_through": false
              }
            ],
            "efi_secure_boot_enabled": null,
            "enable_disk_uuid": false,
            "enable_logging": false,
            "ept_rvi_mode": "automatic",
            "extra_config": {},
            "firmware": "bios",
            "folder": "RichardHine",
            "force_power_off": true,
            "guest_id": "rhel7_64Guest",
            "guest_ip_addresses": [
              "10.134.214.149",
              "fe80::250:56ff:fea5:1404"
            ],
            "host_system_id": "host-17",
            "hv_mode": "hvAuto",
            "id": "4225ef82-17b4-dbb9-df70-ac24643d651f",
            "ignored_guest_ips": null,
            "imported": null,
            "latency_sensitivity": "normal",
            "memory": 4096,
            "memory_hot_add_enabled": false,
            "memory_limit": -1,
            "memory_reservation": 0,
            "memory_share_count": 40960,
            "memory_share_level": "normal",
            "migrate_wait_timeout": 30,
            "moid": "vm-2393",
            "name": "ocpbastion1",
            "nested_hv_enabled": false,
            "network_interface": [
              {
                "adapter_type": "vmxnet3",
                "bandwidth_limit": -1,
                "bandwidth_reservation": 0,
                "bandwidth_share_count": 50,
                "bandwidth_share_level": "normal",
                "device_address": "pci:0:7",
                "key": 4000,
                "mac_address": "00:50:56:a5:14:04",
                "network_id": "dvportgroup-21",
                "use_static_mac": false
              }
            ],
            "num_cores_per_socket": 1,
            "num_cpus": 2,
            "reboot_required": false,
            "resource_pool_id": "resgroup-1789",
            "run_tools_scripts_after_power_on": true,
            "run_tools_scripts_after_resume": true,
            "run_tools_scripts_before_guest_reboot": false,
            "run_tools_scripts_before_guest_shutdown": true,
            "run_tools_scripts_before_guest_standby": true,
            "scsi_bus_sharing": "noSharing",
            "scsi_controller_count": 1,
            "scsi_type": "pvscsi",
            "shutdown_wait_timeout": 3,
            "swap_placement_policy": "inherit",
            "sync_time_with_host": false,
            "tags": [],
            "uuid": "4225ef82-17b4-dbb9-df70-ac24643d651f",
            "vapp": [],
            "vapp_transport": [],
            "vmware_tools_status": "guestToolsRunning",
            "vmx_path": "ocpbastion1/ocpbastion1.vmx",
            "wait_for_guest_ip_timeout": 0,
            "wait_for_guest_net_routable": true,
            "wait_for_guest_net_timeout": 5
          },
          "private": "eyJzY2hlbWFfdmVyc2lvbiI6IjMifQ==",
          "depends_on": [
            "data.vsphere_datastore.datastore",
            "data.vsphere_network.network",
            "data.vsphere_resource_pool.pool",
            "data.vsphere_virtual_machine.template"
          ]
        }
      ]
    },
    {
      "mode": "managed",
      "type": "vsphere_virtual_machine",
      "name": "infra",
      "each": "list",
      "provider": "provider.vsphere",
      "instances": [
        {
          "index_key": 0,
          "schema_version": 3,
          "attributes": {
            "alternate_guest_name": "",
            "annotation": "",
            "boot_delay": 0,
            "boot_retry_delay": 10000,
            "boot_retry_enabled": false,
            "cdrom": [],
            "change_version": "2019-11-08T11:28:06.790957Z",
            "clone": [
              {
                "customize": [
                  {
                    "dns_server_list": [
                      "8.8.8.8"
                    ],
                    "dns_suffix_list": [
                      "coc.net"
                    ],
                    "ipv4_gateway": "10.134.214.137",
                    "ipv6_gateway": "",
                    "linux_options": [
                      {
                        "domain": "coc.net",
                        "host_name": "ocpinfra1",
                        "hw_clock_utc": true,
                        "time_zone": ""
                      }
                    ],
                    "network_interface": [
                      {
                        "dns_domain": "",
                        "dns_server_list": [],
                        "ipv4_address": "10.134.214.160",
                        "ipv4_netmask": 24,
                        "ipv6_address": "",
                        "ipv6_netmask": 0
                      }
                    ],
                    "timeout": 10,
                    "windows_options": [],
                    "windows_sysprep_text": ""
                  }
                ],
                "linked_clone": false,
                "template_uuid": "42252cae-0b83-9d1d-b142-72b8ead36170",
                "timeout": 30
              }
            ],
            "cpu_hot_add_enabled": false,
            "cpu_hot_remove_enabled": false,
            "cpu_limit": -1,
            "cpu_performance_counters_enabled": false,
            "cpu_reservation": 0,
            "cpu_share_count": 2000,
            "cpu_share_level": "normal",
            "custom_attributes": {},
            "datastore_cluster_id": null,
            "datastore_id": "datastore-27",
            "default_ip_address": "10.134.214.160",
            "disk": [
              {
                "attach": false,
                "datastore_id": "datastore-27",
                "device_address": "scsi:0:0",
                "disk_mode": "persistent",
                "disk_sharing": "sharingNone",
                "eagerly_scrub": false,
                "io_limit": -1,
                "io_reservation": 0,
                "io_share_count": 1000,
                "io_share_level": "normal",
                "keep_on_remove": false,
                "key": 2000,
                "label": "disk0",
                "name": "",
                "path": "ocpinfra1/ocpinfra1.vmdk",
                "size": 16,
                "thin_provisioned": true,
                "unit_number": 0,
                "uuid": "6000C291-ff25-99dd-c862-c86377e66405",
                "write_through": false
              },
              {
                "attach": false,
                "datastore_id": "datastore-27",
                "device_address": "scsi:0:1",
                "disk_mode": "persistent",
                "disk_sharing": "sharingNone",
                "eagerly_scrub": false,
                "io_limit": -1,
                "io_reservation": 0,
                "io_share_count": 1000,
                "io_share_level": "normal",
                "keep_on_remove": false,
                "key": 2001,
                "label": "disk1",
                "name": "",
                "path": "ocpinfra1/ocpinfra1_1.vmdk",
                "size": 160,
                "thin_provisioned": true,
                "unit_number": 1,
                "uuid": "6000C29c-e81c-7bd9-186d-e92d15c445e3",
                "write_through": false
              },
              {
                "attach": false,
                "datastore_id": "datastore-27",
                "device_address": "scsi:0:2",
                "disk_mode": "persistent",
                "disk_sharing": "sharingNone",
                "eagerly_scrub": false,
                "io_limit": -1,
                "io_reservation": 0,
                "io_share_count": 1000,
                "io_share_level": "normal",
                "keep_on_remove": false,
                "key": 2002,
                "label": "disk2",
                "name": "",
                "path": "ocpinfra1/ocpinfra1_2.vmdk",
                "size": 4,
                "thin_provisioned": true,
                "unit_number": 2,
                "uuid": "6000C292-e4e5-399b-fa79-a31e7f397dbb",
                "write_through": false
              },
              {
                "attach": false,
                "datastore_id": "datastore-27",
                "device_address": "scsi:0:3",
                "disk_mode": "persistent",
                "disk_sharing": "sharingNone",
                "eagerly_scrub": false,
                "io_limit": -1,
                "io_reservation": 0,
                "io_share_count": 1000,
                "io_share_level": "normal",
                "keep_on_remove": false,
                "key": 2003,
                "label": "disk3",
                "name": "",
                "path": "ocpinfra1/ocpinfra1_3.vmdk",
                "size": 4,
                "thin_provisioned": true,
                "unit_number": 3,
                "uuid": "6000C29d-0304-26f2-83f8-08f833e2f0f7",
                "write_through": false
              }
            ],
            "efi_secure_boot_enabled": null,
            "enable_disk_uuid": false,
            "enable_logging": false,
            "ept_rvi_mode": "automatic",
            "extra_config": {},
            "firmware": "bios",
            "folder": "RichardHine",
            "force_power_off": true,
            "guest_id": "rhel7_64Guest",
            "guest_ip_addresses": [
              "10.129.0.1",
              "10.134.214.160",
              "fe80::8c52:f0ff:fede:8fc1",
              "fe80::250:56ff:fea5:1f88"
            ],
            "host_system_id": "host-17",
            "hv_mode": "hvAuto",
            "id": "422591ef-857b-e55d-2644-300edaa9826d",
            "ignored_guest_ips": null,
            "imported": null,
            "latency_sensitivity": "normal",
            "memory": 12288,
            "memory_hot_add_enabled": false,
            "memory_limit": -1,
            "memory_reservation": 0,
            "memory_share_count": 122880,
            "memory_share_level": "normal",
            "migrate_wait_timeout": 30,
            "moid": "vm-2397",
            "name": "ocpinfra1",
            "nested_hv_enabled": false,
            "network_interface": [
              {
                "adapter_type": "vmxnet3",
                "bandwidth_limit": -1,
                "bandwidth_reservation": 0,
                "bandwidth_share_count": 50,
                "bandwidth_share_level": "normal",
                "device_address": "pci:0:7",
                "key": 4000,
                "mac_address": "00:50:56:a5:1f:88",
                "network_id": "dvportgroup-21",
                "use_static_mac": false
              }
            ],
            "num_cores_per_socket": 1,
            "num_cpus": 2,
            "reboot_required": false,
            "resource_pool_id": "resgroup-1789",
            "run_tools_scripts_after_power_on": true,
            "run_tools_scripts_after_resume": true,
            "run_tools_scripts_before_guest_reboot": false,
            "run_tools_scripts_before_guest_shutdown": true,
            "run_tools_scripts_before_guest_standby": true,
            "scsi_bus_sharing": "noSharing",
            "scsi_controller_count": 1,
            "scsi_type": "pvscsi",
            "shutdown_wait_timeout": 3,
            "swap_placement_policy": "inherit",
            "sync_time_with_host": false,
            "tags": [],
            "uuid": "422591ef-857b-e55d-2644-300edaa9826d",
            "vapp": [],
            "vapp_transport": [],
            "vmware_tools_status": "guestToolsRunning",
            "vmx_path": "ocpinfra1/ocpinfra1.vmx",
            "wait_for_guest_ip_timeout": 0,
            "wait_for_guest_net_routable": true,
            "wait_for_guest_net_timeout": 5
          },
          "private": "eyJzY2hlbWFfdmVyc2lvbiI6IjMifQ==",
          "depends_on": [
            "data.vsphere_datastore.datastore",
            "data.vsphere_network.network",
            "data.vsphere_resource_pool.pool",
            "data.vsphere_virtual_machine.template"
          ]
        },
        {
          "index_key": 1,
          "schema_version": 3,
          "attributes": {
            "alternate_guest_name": "",
            "annotation": "",
            "boot_delay": 0,
            "boot_retry_delay": 10000,
            "boot_retry_enabled": false,
            "cdrom": [],
            "change_version": "2019-11-08T11:27:14.995769Z",
            "clone": [
              {
                "customize": [
                  {
                    "dns_server_list": [
                      "8.8.8.8"
                    ],
                    "dns_suffix_list": [
                      "coc.net"
                    ],
                    "ipv4_gateway": "10.134.214.137",
                    "ipv6_gateway": "",
                    "linux_options": [
                      {
                        "domain": "coc.net",
                        "host_name": "ocpinfra2",
                        "hw_clock_utc": true,
                        "time_zone": ""
                      }
                    ],
                    "network_interface": [
                      {
                        "dns_domain": "",
                        "dns_server_list": [],
                        "ipv4_address": "10.134.214.161",
                        "ipv4_netmask": 24,
                        "ipv6_address": "",
                        "ipv6_netmask": 0
                      }
                    ],
                    "timeout": 10,
                    "windows_options": [],
                    "windows_sysprep_text": ""
                  }
                ],
                "linked_clone": false,
                "template_uuid": "42252cae-0b83-9d1d-b142-72b8ead36170",
                "timeout": 30
              }
            ],
            "cpu_hot_add_enabled": false,
            "cpu_hot_remove_enabled": false,
            "cpu_limit": -1,
            "cpu_performance_counters_enabled": false,
            "cpu_reservation": 0,
            "cpu_share_count": 2000,
            "cpu_share_level": "normal",
            "custom_attributes": {},
            "datastore_cluster_id": null,
            "datastore_id": "datastore-27",
            "default_ip_address": "10.134.214.161",
            "disk": [
              {
                "attach": false,
                "datastore_id": "datastore-27",
                "device_address": "scsi:0:0",
                "disk_mode": "persistent",
                "disk_sharing": "sharingNone",
                "eagerly_scrub": false,
                "io_limit": -1,
                "io_reservation": 0,
                "io_share_count": 1000,
                "io_share_level": "normal",
                "keep_on_remove": false,
                "key": 2000,
                "label": "disk0",
                "name": "",
                "path": "ocpinfra2/ocpinfra2.vmdk",
                "size": 16,
                "thin_provisioned": true,
                "unit_number": 0,
                "uuid": "6000C293-9782-8a3e-fcec-6b6a8e2d9a25",
                "write_through": false
              },
              {
                "attach": false,
                "datastore_id": "datastore-27",
                "device_address": "scsi:0:1",
                "disk_mode": "persistent",
                "disk_sharing": "sharingNone",
                "eagerly_scrub": false,
                "io_limit": -1,
                "io_reservation": 0,
                "io_share_count": 1000,
                "io_share_level": "normal",
                "keep_on_remove": false,
                "key": 2001,
                "label": "disk1",
                "name": "",
                "path": "ocpinfra2/ocpinfra2_1.vmdk",
                "size": 160,
                "thin_provisioned": true,
                "unit_number": 1,
                "uuid": "6000C291-8009-89c5-9cd6-4f137e8783aa",
                "write_through": false
              },
              {
                "attach": false,
                "datastore_id": "datastore-27",
                "device_address": "scsi:0:2",
                "disk_mode": "persistent",
                "disk_sharing": "sharingNone",
                "eagerly_scrub": false,
                "io_limit": -1,
                "io_reservation": 0,
                "io_share_count": 1000,
                "io_share_level": "normal",
                "keep_on_remove": false,
                "key": 2002,
                "label": "disk2",
                "name": "",
                "path": "ocpinfra2/ocpinfra2_2.vmdk",
                "size": 4,
                "thin_provisioned": true,
                "unit_number": 2,
                "uuid": "6000C29f-d9e7-9d4c-4b0d-1adafb10d0ee",
                "write_through": false
              },
              {
                "attach": false,
                "datastore_id": "datastore-27",
                "device_address": "scsi:0:3",
                "disk_mode": "persistent",
                "disk_sharing": "sharingNone",
                "eagerly_scrub": false,
                "io_limit": -1,
                "io_reservation": 0,
                "io_share_count": 1000,
                "io_share_level": "normal",
                "keep_on_remove": false,
                "key": 2003,
                "label": "disk3",
                "name": "",
                "path": "ocpinfra2/ocpinfra2_3.vmdk",
                "size": 4,
                "thin_provisioned": true,
                "unit_number": 3,
                "uuid": "6000C298-45af-e753-0193-78cab1b9c131",
                "write_through": false
              }
            ],
            "efi_secure_boot_enabled": null,
            "enable_disk_uuid": false,
            "enable_logging": false,
            "ept_rvi_mode": "automatic",
            "extra_config": {},
            "firmware": "bios",
            "folder": "RichardHine",
            "force_power_off": true,
            "guest_id": "rhel7_64Guest",
            "guest_ip_addresses": [
              "10.131.0.1",
              "10.134.214.161",
              "fe80::640c:8bff:fe7b:4989",
              "fe80::250:56ff:fea5:4ae4"
            ],
            "host_system_id": "host-17",
            "hv_mode": "hvAuto",
            "id": "4225e735-9a0d-6a8b-a1dd-00edfa1a649b",
            "ignored_guest_ips": null,
            "imported": null,
            "latency_sensitivity": "normal",
            "memory": 12288,
            "memory_hot_add_enabled": false,
            "memory_limit": -1,
            "memory_reservation": 0,
            "memory_share_count": 122880,
            "memory_share_level": "normal",
            "migrate_wait_timeout": 30,
            "moid": "vm-2398",
            "name": "ocpinfra2",
            "nested_hv_enabled": false,
            "network_interface": [
              {
                "adapter_type": "vmxnet3",
                "bandwidth_limit": -1,
                "bandwidth_reservation": 0,
                "bandwidth_share_count": 50,
                "bandwidth_share_level": "normal",
                "device_address": "pci:0:7",
                "key": 4000,
                "mac_address": "00:50:56:a5:4a:e4",
                "network_id": "dvportgroup-21",
                "use_static_mac": false
              }
            ],
            "num_cores_per_socket": 1,
            "num_cpus": 2,
            "reboot_required": false,
            "resource_pool_id": "resgroup-1789",
            "run_tools_scripts_after_power_on": true,
            "run_tools_scripts_after_resume": true,
            "run_tools_scripts_before_guest_reboot": false,
            "run_tools_scripts_before_guest_shutdown": true,
            "run_tools_scripts_before_guest_standby": true,
            "scsi_bus_sharing": "noSharing",
            "scsi_controller_count": 1,
            "scsi_type": "pvscsi",
            "shutdown_wait_timeout": 3,
            "swap_placement_policy": "inherit",
            "sync_time_with_host": false,
            "tags": [],
            "uuid": "4225e735-9a0d-6a8b-a1dd-00edfa1a649b",
            "vapp": [],
            "vapp_transport": [],
            "vmware_tools_status": "guestToolsRunning",
            "vmx_path": "ocpinfra2/ocpinfra2.vmx",
            "wait_for_guest_ip_timeout": 0,
            "wait_for_guest_net_routable": true,
            "wait_for_guest_net_timeout": 5
          },
          "private": "eyJzY2hlbWFfdmVyc2lvbiI6IjMifQ==",
          "depends_on": [
            "data.vsphere_datastore.datastore",
            "data.vsphere_network.network",
            "data.vsphere_resource_pool.pool",
            "data.vsphere_virtual_machine.template"
          ]
        },
        {
          "index_key": 2,
          "schema_version": 3,
          "attributes": {
            "alternate_guest_name": "",
            "annotation": "",
            "boot_delay": 0,
            "boot_retry_delay": 10000,
            "boot_retry_enabled": false,
            "cdrom": [],
            "change_version": "2019-11-08T14:26:45.576752Z",
            "clone": [
              {
                "customize": [
                  {
                    "dns_server_list": [
                      "8.8.8.8"
                    ],
                    "dns_suffix_list": [
                      "coc.net"
                    ],
                    "ipv4_gateway": "10.134.214.137",
                    "ipv6_gateway": "",
                    "linux_options": [
                      {
                        "domain": "coc.net",
                        "host_name": "ocpinfra3",
                        "hw_clock_utc": true,
                        "time_zone": ""
                      }
                    ],
                    "network_interface": [
                      {
                        "dns_domain": "",
                        "dns_server_list": [],
                        "ipv4_address": "10.134.214.162",
                        "ipv4_netmask": 24,
                        "ipv6_address": "",
                        "ipv6_netmask": 0
                      }
                    ],
                    "timeout": 10,
                    "windows_options": [],
                    "windows_sysprep_text": ""
                  }
                ],
                "linked_clone": false,
                "template_uuid": "42252cae-0b83-9d1d-b142-72b8ead36170",
                "timeout": 30
              }
            ],
            "cpu_hot_add_enabled": false,
            "cpu_hot_remove_enabled": false,
            "cpu_limit": -1,
            "cpu_performance_counters_enabled": false,
            "cpu_reservation": 0,
            "cpu_share_count": 2000,
            "cpu_share_level": "normal",
            "custom_attributes": {},
            "datastore_cluster_id": null,
            "datastore_id": "datastore-27",
            "default_ip_address": "10.134.214.162",
            "disk": [
              {
                "attach": false,
                "datastore_id": "datastore-27",
                "device_address": "scsi:0:0",
                "disk_mode": "persistent",
                "disk_sharing": "sharingNone",
                "eagerly_scrub": false,
                "io_limit": -1,
                "io_reservation": 0,
                "io_share_count": 1000,
                "io_share_level": "normal",
                "keep_on_remove": false,
                "key": 2000,
                "label": "disk0",
                "name": "",
                "path": "ocpinfra3/ocpinfra3.vmdk",
                "size": 16,
                "thin_provisioned": true,
                "unit_number": 0,
                "uuid": "6000C292-48aa-ef1a-b19c-ce54c28eb979",
                "write_through": false
              },
              {
                "attach": false,
                "datastore_id": "datastore-27",
                "device_address": "scsi:0:1",
                "disk_mode": "persistent",
                "disk_sharing": "sharingNone",
                "eagerly_scrub": false,
                "io_limit": -1,
                "io_reservation": 0,
                "io_share_count": 1000,
                "io_share_level": "normal",
                "keep_on_remove": false,
                "key": 2001,
                "label": "disk1",
                "name": "",
                "path": "ocpinfra3/ocpinfra3_1.vmdk",
                "size": 160,
                "thin_provisioned": true,
                "unit_number": 1,
                "uuid": "6000C29d-fe58-a766-db80-d618503112be",
                "write_through": false
              },
              {
                "attach": false,
                "datastore_id": "datastore-27",
                "device_address": "scsi:0:2",
                "disk_mode": "persistent",
                "disk_sharing": "sharingNone",
                "eagerly_scrub": false,
                "io_limit": -1,
                "io_reservation": 0,
                "io_share_count": 1000,
                "io_share_level": "normal",
                "keep_on_remove": false,
                "key": 2002,
                "label": "disk2",
                "name": "",
                "path": "ocpinfra3/ocpinfra3_2.vmdk",
                "size": 4,
                "thin_provisioned": true,
                "unit_number": 2,
                "uuid": "6000C292-9894-78b4-7624-9163dda6742e",
                "write_through": false
              },
              {
                "attach": false,
                "datastore_id": "datastore-27",
                "device_address": "scsi:0:3",
                "disk_mode": "persistent",
                "disk_sharing": "sharingNone",
                "eagerly_scrub": false,
                "io_limit": -1,
                "io_reservation": 0,
                "io_share_count": 1000,
                "io_share_level": "normal",
                "keep_on_remove": false,
                "key": 2003,
                "label": "disk3",
                "name": "",
                "path": "ocpinfra3/ocpinfra3_3.vmdk",
                "size": 4,
                "thin_provisioned": true,
                "unit_number": 3,
                "uuid": "6000C29c-3bdd-44ad-ff90-35133dd29038",
                "write_through": false
              }
            ],
            "efi_secure_boot_enabled": null,
            "enable_disk_uuid": false,
            "enable_logging": false,
            "ept_rvi_mode": "automatic",
            "extra_config": {},
            "firmware": "bios",
            "folder": "RichardHine",
            "force_power_off": true,
            "guest_id": "rhel7_64Guest",
            "guest_ip_addresses": [
              "10.129.2.1",
              "10.134.214.162",
              "fe80::6402:ffff:fe8e:822f",
              "fe80::250:56ff:fea5:da7b"
            ],
            "host_system_id": "host-17",
            "hv_mode": "hvAuto",
            "id": "4225de27-3964-3c46-c0d6-7806e95ae266",
            "ignored_guest_ips": null,
            "imported": null,
            "latency_sensitivity": "normal",
            "memory": 12288,
            "memory_hot_add_enabled": false,
            "memory_limit": -1,
            "memory_reservation": 0,
            "memory_share_count": 122880,
            "memory_share_level": "normal",
            "migrate_wait_timeout": 30,
            "moid": "vm-2399",
            "name": "ocpinfra3",
            "nested_hv_enabled": false,
            "network_interface": [
              {
                "adapter_type": "vmxnet3",
                "bandwidth_limit": -1,
                "bandwidth_reservation": 0,
                "bandwidth_share_count": 50,
                "bandwidth_share_level": "normal",
                "device_address": "pci:0:7",
                "key": 4000,
                "mac_address": "00:50:56:a5:da:7b",
                "network_id": "dvportgroup-21",
                "use_static_mac": false
              }
            ],
            "num_cores_per_socket": 1,
            "num_cpus": 2,
            "reboot_required": false,
            "resource_pool_id": "resgroup-1789",
            "run_tools_scripts_after_power_on": true,
            "run_tools_scripts_after_resume": true,
            "run_tools_scripts_before_guest_reboot": false,
            "run_tools_scripts_before_guest_shutdown": true,
            "run_tools_scripts_before_guest_standby": true,
            "scsi_bus_sharing": "noSharing",
            "scsi_controller_count": 1,
            "scsi_type": "pvscsi",
            "shutdown_wait_timeout": 3,
            "swap_placement_policy": "inherit",
            "sync_time_with_host": false,
            "tags": [],
            "uuid": "4225de27-3964-3c46-c0d6-7806e95ae266",
            "vapp": [],
            "vapp_transport": [],
            "vmware_tools_status": "guestToolsRunning",
            "vmx_path": "ocpinfra3/ocpinfra3.vmx",
            "wait_for_guest_ip_timeout": 0,
            "wait_for_guest_net_routable": true,
            "wait_for_guest_net_timeout": 5
          },
          "private": "eyJzY2hlbWFfdmVyc2lvbiI6IjMifQ==",
          "depends_on": [
            "data.vsphere_datastore.datastore",
            "data.vsphere_network.network",
            "data.vsphere_resource_pool.pool",
            "data.vsphere_virtual_machine.template"
          ]
        }
      ]
    },
    {
      "mode": "managed",
      "type": "vsphere_virtual_machine",
      "name": "master",
      "each": "list",
      "provider": "provider.vsphere",
      "instances": [
        {
          "index_key": 0,
          "schema_version": 3,
          "attributes": {
            "alternate_guest_name": "",
            "annotation": "",
            "boot_delay": 0,
            "boot_retry_delay": 10000,
            "boot_retry_enabled": false,
            "cdrom": [],
            "change_version": "2019-11-08T11:28:06.914095Z",
            "clone": [
              {
                "customize": [
                  {
                    "dns_server_list": [
                      "8.8.8.8"
                    ],
                    "dns_suffix_list": [
                      "coc.net"
                    ],
                    "ipv4_gateway": "10.134.214.137",
                    "ipv6_gateway": "",
                    "linux_options": [
                      {
                        "domain": "coc.net",
                        "host_name": "ocpmstr1",
                        "hw_clock_utc": true,
                        "time_zone": ""
                      }
                    ],
                    "network_interface": [
                      {
                        "dns_domain": "",
                        "dns_server_list": [],
                        "ipv4_address": "10.134.214.155",
                        "ipv4_netmask": 24,
                        "ipv6_address": "",
                        "ipv6_netmask": 0
                      }
                    ],
                    "timeout": 10,
                    "windows_options": [],
                    "windows_sysprep_text": ""
                  }
                ],
                "linked_clone": false,
                "template_uuid": "42252cae-0b83-9d1d-b142-72b8ead36170",
                "timeout": 30
              }
            ],
            "cpu_hot_add_enabled": false,
            "cpu_hot_remove_enabled": false,
            "cpu_limit": -1,
            "cpu_performance_counters_enabled": false,
            "cpu_reservation": 0,
            "cpu_share_count": 2000,
            "cpu_share_level": "normal",
            "custom_attributes": {},
            "datastore_cluster_id": null,
            "datastore_id": "datastore-27",
            "default_ip_address": "10.134.214.155",
            "disk": [
              {
                "attach": false,
                "datastore_id": "datastore-27",
                "device_address": "scsi:0:0",
                "disk_mode": "persistent",
                "disk_sharing": "sharingNone",
                "eagerly_scrub": false,
                "io_limit": -1,
                "io_reservation": 0,
                "io_share_count": 1000,
                "io_share_level": "normal",
                "keep_on_remove": false,
                "key": 2000,
                "label": "disk0",
                "name": "",
                "path": "ocpmstr1/ocpmstr1.vmdk",
                "size": 16,
                "thin_provisioned": true,
                "unit_number": 0,
                "uuid": "6000C296-1ba6-1153-bb05-dc6279da18e5",
                "write_through": false
              },
              {
                "attach": false,
                "datastore_id": "datastore-27",
                "device_address": "scsi:0:1",
                "disk_mode": "persistent",
                "disk_sharing": "sharingNone",
                "eagerly_scrub": false,
                "io_limit": -1,
                "io_reservation": 0,
                "io_share_count": 1000,
                "io_share_level": "normal",
                "keep_on_remove": false,
                "key": 2001,
                "label": "disk1",
                "name": "",
                "path": "ocpmstr1/ocpmstr1_1.vmdk",
                "size": 160,
                "thin_provisioned": true,
                "unit_number": 1,
                "uuid": "6000C29e-26e3-6845-5623-72fd9b3d5359",
                "write_through": false
              },
              {
                "attach": false,
                "datastore_id": "datastore-27",
                "device_address": "scsi:0:2",
                "disk_mode": "persistent",
                "disk_sharing": "sharingNone",
                "eagerly_scrub": false,
                "io_limit": -1,
                "io_reservation": 0,
                "io_share_count": 1000,
                "io_share_level": "normal",
                "keep_on_remove": false,
                "key": 2002,
                "label": "disk2",
                "name": "",
                "path": "ocpmstr1/ocpmstr1_2.vmdk",
                "size": 4,
                "thin_provisioned": true,
                "unit_number": 2,
                "uuid": "6000C296-50e4-a3d5-9c01-a7eaed1c24c6",
                "write_through": false
              },
              {
                "attach": false,
                "datastore_id": "datastore-27",
                "device_address": "scsi:0:3",
                "disk_mode": "persistent",
                "disk_sharing": "sharingNone",
                "eagerly_scrub": false,
                "io_limit": -1,
                "io_reservation": 0,
                "io_share_count": 1000,
                "io_share_level": "normal",
                "keep_on_remove": false,
                "key": 2003,
                "label": "disk3",
                "name": "",
                "path": "ocpmstr1/ocpmstr1_3.vmdk",
                "size": 4,
                "thin_provisioned": true,
                "unit_number": 3,
                "uuid": "6000C29c-1db5-b4ba-8b5b-af3b78a2c5fc",
                "write_through": false
              }
            ],
            "efi_secure_boot_enabled": null,
            "enable_disk_uuid": false,
            "enable_logging": false,
            "ept_rvi_mode": "automatic",
            "extra_config": {},
            "firmware": "bios",
            "folder": "RichardHine",
            "force_power_off": true,
            "guest_id": "rhel7_64Guest",
            "guest_ip_addresses": [
              "10.128.0.1",
              "10.134.214.155",
              "fe80::c13:80ff:fe24:5b36",
              "fe80::250:56ff:fea5:991b"
            ],
            "host_system_id": "host-17",
            "hv_mode": "hvAuto",
            "id": "422520ef-ea1b-0d10-da9f-75644d6e4916",
            "ignored_guest_ips": null,
            "imported": null,
            "latency_sensitivity": "normal",
            "memory": 16384,
            "memory_hot_add_enabled": false,
            "memory_limit": -1,
            "memory_reservation": 0,
            "memory_share_count": 163840,
            "memory_share_level": "normal",
            "migrate_wait_timeout": 30,
            "moid": "vm-2394",
            "name": "ocpmstr1",
            "nested_hv_enabled": false,
            "network_interface": [
              {
                "adapter_type": "vmxnet3",
                "bandwidth_limit": -1,
                "bandwidth_reservation": 0,
                "bandwidth_share_count": 50,
                "bandwidth_share_level": "normal",
                "device_address": "pci:0:7",
                "key": 4000,
                "mac_address": "00:50:56:a5:99:1b",
                "network_id": "dvportgroup-21",
                "use_static_mac": false
              }
            ],
            "num_cores_per_socket": 1,
            "num_cpus": 2,
            "reboot_required": false,
            "resource_pool_id": "resgroup-1789",
            "run_tools_scripts_after_power_on": true,
            "run_tools_scripts_after_resume": true,
            "run_tools_scripts_before_guest_reboot": false,
            "run_tools_scripts_before_guest_shutdown": true,
            "run_tools_scripts_before_guest_standby": true,
            "scsi_bus_sharing": "noSharing",
            "scsi_controller_count": 1,
            "scsi_type": "pvscsi",
            "shutdown_wait_timeout": 3,
            "swap_placement_policy": "inherit",
            "sync_time_with_host": false,
            "tags": [],
            "uuid": "422520ef-ea1b-0d10-da9f-75644d6e4916",
            "vapp": [],
            "vapp_transport": [],
            "vmware_tools_status": "guestToolsRunning",
            "vmx_path": "ocpmstr1/ocpmstr1.vmx",
            "wait_for_guest_ip_timeout": 0,
            "wait_for_guest_net_routable": true,
            "wait_for_guest_net_timeout": 5
          },
          "private": "eyJzY2hlbWFfdmVyc2lvbiI6IjMifQ==",
          "depends_on": [
            "data.vsphere_datastore.datastore",
            "data.vsphere_network.network",
            "data.vsphere_resource_pool.pool",
            "data.vsphere_virtual_machine.template"
          ]
        }
      ]
    },
    {
      "mode": "managed",
      "type": "vsphere_virtual_machine",
      "name": "node",
      "each": "list",
      "provider": "provider.vsphere",
      "instances": [
        {
          "index_key": 0,
          "schema_version": 3,
          "attributes": {
            "alternate_guest_name": "",
            "annotation": "",
            "boot_delay": 0,
            "boot_retry_delay": 10000,
            "boot_retry_enabled": false,
            "cdrom": [],
            "change_version": "2019-11-08T11:28:06.845073Z",
            "clone": [
              {
                "customize": [
                  {
                    "dns_server_list": [
                      "8.8.8.8"
                    ],
                    "dns_suffix_list": [
                      "coc.net"
                    ],
                    "ipv4_gateway": "10.134.214.137",
                    "ipv6_gateway": "",
                    "linux_options": [
                      {
                        "domain": "coc.net",
                        "host_name": "ocpnode1",
                        "hw_clock_utc": true,
                        "time_zone": ""
                      }
                    ],
                    "network_interface": [
                      {
                        "dns_domain": "",
                        "dns_server_list": [],
                        "ipv4_address": "10.134.214.157",
                        "ipv4_netmask": 24,
                        "ipv6_address": "",
                        "ipv6_netmask": 0
                      }
                    ],
                    "timeout": 10,
                    "windows_options": [],
                    "windows_sysprep_text": ""
                  }
                ],
                "linked_clone": false,
                "template_uuid": "42252cae-0b83-9d1d-b142-72b8ead36170",
                "timeout": 30
              }
            ],
            "cpu_hot_add_enabled": false,
            "cpu_hot_remove_enabled": false,
            "cpu_limit": -1,
            "cpu_performance_counters_enabled": false,
            "cpu_reservation": 0,
            "cpu_share_count": 2000,
            "cpu_share_level": "normal",
            "custom_attributes": {},
            "datastore_cluster_id": null,
            "datastore_id": "datastore-27",
            "default_ip_address": "10.134.214.157",
            "disk": [
              {
                "attach": false,
                "datastore_id": "datastore-27",
                "device_address": "scsi:0:0",
                "disk_mode": "persistent",
                "disk_sharing": "sharingNone",
                "eagerly_scrub": false,
                "io_limit": -1,
                "io_reservation": 0,
                "io_share_count": 1000,
                "io_share_level": "normal",
                "keep_on_remove": false,
                "key": 2000,
                "label": "disk0",
                "name": "",
                "path": "ocpnode1/ocpnode1.vmdk",
                "size": 16,
                "thin_provisioned": true,
                "unit_number": 0,
                "uuid": "6000C296-c3c2-3278-2db7-7089aa6efc62",
                "write_through": false
              },
              {
                "attach": false,
                "datastore_id": "datastore-27",
                "device_address": "scsi:0:1",
                "disk_mode": "persistent",
                "disk_sharing": "sharingNone",
                "eagerly_scrub": false,
                "io_limit": -1,
                "io_reservation": 0,
                "io_share_count": 1000,
                "io_share_level": "normal",
                "keep_on_remove": false,
                "key": 2001,
                "label": "disk1",
                "name": "",
                "path": "ocpnode1/ocpnode1_1.vmdk",
                "size": 160,
                "thin_provisioned": true,
                "unit_number": 1,
                "uuid": "6000C295-6839-f9dc-1518-859a54284283",
                "write_through": false
              },
              {
                "attach": false,
                "datastore_id": "datastore-27",
                "device_address": "scsi:0:2",
                "disk_mode": "persistent",
                "disk_sharing": "sharingNone",
                "eagerly_scrub": false,
                "io_limit": -1,
                "io_reservation": 0,
                "io_share_count": 1000,
                "io_share_level": "normal",
                "keep_on_remove": false,
                "key": 2002,
                "label": "disk2",
                "name": "",
                "path": "ocpnode1/ocpnode1_2.vmdk",
                "size": 4,
                "thin_provisioned": true,
                "unit_number": 2,
                "uuid": "6000C294-e9e1-905a-671c-7df604f383d4",
                "write_through": false
              },
              {
                "attach": false,
                "datastore_id": "datastore-27",
                "device_address": "scsi:0:3",
                "disk_mode": "persistent",
                "disk_sharing": "sharingNone",
                "eagerly_scrub": false,
                "io_limit": -1,
                "io_reservation": 0,
                "io_share_count": 1000,
                "io_share_level": "normal",
                "keep_on_remove": false,
                "key": 2003,
                "label": "disk3",
                "name": "",
                "path": "ocpnode1/ocpnode1_3.vmdk",
                "size": 4,
                "thin_provisioned": true,
                "unit_number": 3,
                "uuid": "6000C294-ad39-3d2f-b283-8fa6b7bb9810",
                "write_through": false
              }
            ],
            "efi_secure_boot_enabled": null,
            "enable_disk_uuid": false,
            "enable_logging": false,
            "ept_rvi_mode": "automatic",
            "extra_config": {},
            "firmware": "bios",
            "folder": "RichardHine",
            "force_power_off": true,
            "guest_id": "rhel7_64Guest",
            "guest_ip_addresses": [
              "10.128.2.1",
              "10.134.214.157",
              "fe80::9407:bff:fe13:b975",
              "fe80::250:56ff:fea5:905a"
            ],
            "host_system_id": "host-17",
            "hv_mode": "hvAuto",
            "id": "4225a599-1202-ea61-363a-24c15e9febfe",
            "ignored_guest_ips": null,
            "imported": null,
            "latency_sensitivity": "normal",
            "memory": 12288,
            "memory_hot_add_enabled": false,
            "memory_limit": -1,
            "memory_reservation": 0,
            "memory_share_count": 122880,
            "memory_share_level": "normal",
            "migrate_wait_timeout": 30,
            "moid": "vm-2396",
            "name": "ocpnode1",
            "nested_hv_enabled": false,
            "network_interface": [
              {
                "adapter_type": "vmxnet3",
                "bandwidth_limit": -1,
                "bandwidth_reservation": 0,
                "bandwidth_share_count": 50,
                "bandwidth_share_level": "normal",
                "device_address": "pci:0:7",
                "key": 4000,
                "mac_address": "00:50:56:a5:90:5a",
                "network_id": "dvportgroup-21",
                "use_static_mac": false
              }
            ],
            "num_cores_per_socket": 1,
            "num_cpus": 2,
            "reboot_required": false,
            "resource_pool_id": "resgroup-1789",
            "run_tools_scripts_after_power_on": true,
            "run_tools_scripts_after_resume": true,
            "run_tools_scripts_before_guest_reboot": false,
            "run_tools_scripts_before_guest_shutdown": true,
            "run_tools_scripts_before_guest_standby": true,
            "scsi_bus_sharing": "noSharing",
            "scsi_controller_count": 1,
            "scsi_type": "pvscsi",
            "shutdown_wait_timeout": 3,
            "swap_placement_policy": "inherit",
            "sync_time_with_host": false,
            "tags": [],
            "uuid": "4225a599-1202-ea61-363a-24c15e9febfe",
            "vapp": [],
            "vapp_transport": [],
            "vmware_tools_status": "guestToolsRunning",
            "vmx_path": "ocpnode1/ocpnode1.vmx",
            "wait_for_guest_ip_timeout": 0,
            "wait_for_guest_net_routable": true,
            "wait_for_guest_net_timeout": 5
          },
          "private": "eyJzY2hlbWFfdmVyc2lvbiI6IjMifQ==",
          "depends_on": [
            "data.vsphere_datastore.datastore",
            "data.vsphere_network.network",
            "data.vsphere_resource_pool.pool",
            "data.vsphere_virtual_machine.template"
          ]
        },
        {
          "index_key": 1,
          "schema_version": 3,
          "attributes": {
            "alternate_guest_name": "",
            "annotation": "",
            "boot_delay": 0,
            "boot_retry_delay": 10000,
            "boot_retry_enabled": false,
            "cdrom": [],
            "change_version": "2019-11-08T11:27:14.817908Z",
            "clone": [
              {
                "customize": [
                  {
                    "dns_server_list": [
                      "8.8.8.8"
                    ],
                    "dns_suffix_list": [
                      "coc.net"
                    ],
                    "ipv4_gateway": "10.134.214.137",
                    "ipv6_gateway": "",
                    "linux_options": [
                      {
                        "domain": "coc.net",
                        "host_name": "ocpnode2",
                        "hw_clock_utc": true,
                        "time_zone": ""
                      }
                    ],
                    "network_interface": [
                      {
                        "dns_domain": "",
                        "dns_server_list": [],
                        "ipv4_address": "10.134.214.158",
                        "ipv4_netmask": 24,
                        "ipv6_address": "",
                        "ipv6_netmask": 0
                      }
                    ],
                    "timeout": 10,
                    "windows_options": [],
                    "windows_sysprep_text": ""
                  }
                ],
                "linked_clone": false,
                "template_uuid": "42252cae-0b83-9d1d-b142-72b8ead36170",
                "timeout": 30
              }
            ],
            "cpu_hot_add_enabled": false,
            "cpu_hot_remove_enabled": false,
            "cpu_limit": -1,
            "cpu_performance_counters_enabled": false,
            "cpu_reservation": 0,
            "cpu_share_count": 2000,
            "cpu_share_level": "normal",
            "custom_attributes": {},
            "datastore_cluster_id": null,
            "datastore_id": "datastore-27",
            "default_ip_address": "10.134.214.158",
            "disk": [
              {
                "attach": false,
                "datastore_id": "datastore-27",
                "device_address": "scsi:0:0",
                "disk_mode": "persistent",
                "disk_sharing": "sharingNone",
                "eagerly_scrub": false,
                "io_limit": -1,
                "io_reservation": 0,
                "io_share_count": 1000,
                "io_share_level": "normal",
                "keep_on_remove": false,
                "key": 2000,
                "label": "disk0",
                "name": "",
                "path": "ocpnode2/ocpnode2.vmdk",
                "size": 16,
                "thin_provisioned": true,
                "unit_number": 0,
                "uuid": "6000C29e-0a4e-d007-bc0e-7cc1c4b2a25d",
                "write_through": false
              },
              {
                "attach": false,
                "datastore_id": "datastore-27",
                "device_address": "scsi:0:1",
                "disk_mode": "persistent",
                "disk_sharing": "sharingNone",
                "eagerly_scrub": false,
                "io_limit": -1,
                "io_reservation": 0,
                "io_share_count": 1000,
                "io_share_level": "normal",
                "keep_on_remove": false,
                "key": 2001,
                "label": "disk1",
                "name": "",
                "path": "ocpnode2/ocpnode2_1.vmdk",
                "size": 160,
                "thin_provisioned": true,
                "unit_number": 1,
                "uuid": "6000C29b-96c3-e361-4b92-8c6a1411760b",
                "write_through": false
              },
              {
                "attach": false,
                "datastore_id": "datastore-27",
                "device_address": "scsi:0:2",
                "disk_mode": "persistent",
                "disk_sharing": "sharingNone",
                "eagerly_scrub": false,
                "io_limit": -1,
                "io_reservation": 0,
                "io_share_count": 1000,
                "io_share_level": "normal",
                "keep_on_remove": false,
                "key": 2002,
                "label": "disk2",
                "name": "",
                "path": "ocpnode2/ocpnode2_2.vmdk",
                "size": 4,
                "thin_provisioned": true,
                "unit_number": 2,
                "uuid": "6000C29e-b324-3a94-5a70-8282168ce03b",
                "write_through": false
              },
              {
                "attach": false,
                "datastore_id": "datastore-27",
                "device_address": "scsi:0:3",
                "disk_mode": "persistent",
                "disk_sharing": "sharingNone",
                "eagerly_scrub": false,
                "io_limit": -1,
                "io_reservation": 0,
                "io_share_count": 1000,
                "io_share_level": "normal",
                "keep_on_remove": false,
                "key": 2003,
                "label": "disk3",
                "name": "",
                "path": "ocpnode2/ocpnode2_3.vmdk",
                "size": 4,
                "thin_provisioned": true,
                "unit_number": 3,
                "uuid": "6000C293-c2ba-0d90-8e32-a33054b2d7d0",
                "write_through": false
              }
            ],
            "efi_secure_boot_enabled": null,
            "enable_disk_uuid": false,
            "enable_logging": false,
            "ept_rvi_mode": "automatic",
            "extra_config": {},
            "firmware": "bios",
            "folder": "RichardHine",
            "force_power_off": true,
            "guest_id": "rhel7_64Guest",
            "guest_ip_addresses": [
              "10.130.0.1",
              "10.134.214.158",
              "fe80::54de:19ff:fe95:200",
              "fe80::250:56ff:fea5:2d6"
            ],
            "host_system_id": "host-17",
            "hv_mode": "hvAuto",
            "id": "42252ee9-c76d-8603-7261-1877c1c8f729",
            "ignored_guest_ips": null,
            "imported": null,
            "latency_sensitivity": "normal",
            "memory": 12288,
            "memory_hot_add_enabled": false,
            "memory_limit": -1,
            "memory_reservation": 0,
            "memory_share_count": 122880,
            "memory_share_level": "normal",
            "migrate_wait_timeout": 30,
            "moid": "vm-2395",
            "name": "ocpnode2",
            "nested_hv_enabled": false,
            "network_interface": [
              {
                "adapter_type": "vmxnet3",
                "bandwidth_limit": -1,
                "bandwidth_reservation": 0,
                "bandwidth_share_count": 50,
                "bandwidth_share_level": "normal",
                "device_address": "pci:0:7",
                "key": 4000,
                "mac_address": "00:50:56:a5:02:d6",
                "network_id": "dvportgroup-21",
                "use_static_mac": false
              }
            ],
            "num_cores_per_socket": 1,
            "num_cpus": 2,
            "reboot_required": false,
            "resource_pool_id": "resgroup-1789",
            "run_tools_scripts_after_power_on": true,
            "run_tools_scripts_after_resume": true,
            "run_tools_scripts_before_guest_reboot": false,
            "run_tools_scripts_before_guest_shutdown": true,
            "run_tools_scripts_before_guest_standby": true,
            "scsi_bus_sharing": "noSharing",
            "scsi_controller_count": 1,
            "scsi_type": "pvscsi",
            "shutdown_wait_timeout": 3,
            "swap_placement_policy": "inherit",
            "sync_time_with_host": false,
            "tags": [],
            "uuid": "42252ee9-c76d-8603-7261-1877c1c8f729",
            "vapp": [],
            "vapp_transport": [],
            "vmware_tools_status": "guestToolsRunning",
            "vmx_path": "ocpnode2/ocpnode2.vmx",
            "wait_for_guest_ip_timeout": 0,
            "wait_for_guest_net_routable": true,
            "wait_for_guest_net_timeout": 5
          },
          "private": "eyJzY2hlbWFfdmVyc2lvbiI6IjMifQ==",
          "depends_on": [
            "data.vsphere_datastore.datastore",
            "data.vsphere_network.network",
            "data.vsphere_resource_pool.pool",
            "data.vsphere_virtual_machine.template"
          ]
        }
      ]
    }
  ]
}
